github.com/klauspost/compress v1.17.7 h1:ehO88t2UGzQK66LMdE8tibEd1ErmzZjNEqWkjLAKQQg=
github.com/klauspost/compress v1.17.7/go.mod h1:Di0epgTjJY877eYKx5yC51cX2A2Vl2ibi7bDH9ttBbw=
github.com/kljensen/snowball v0.9.0 h1:OpXkQBcic6vcPG+dChOGLIA/GNuVg47tbbIJ2s7Keas=
github.com/kljensen/snowball v0.9.0/go.mod h1:OGo5gFWjaeXqCu4iIrMl5OYip9XUJHGOU5eSkPjVg2A=
github.com/oarkflow/flydb v0.0.0-20240406152654-9bccddc99c73 h1:7uSSrwEoiBnfQvdnS5K6gH05cc2445nlIWkopaKjrh4=
github.com/oarkflow/flydb v0.0.0-20240406152654-9bccddc99c73/go.mod h1:45FtOqeKnmJ9dwsMqniuYNCd0oiok2iFGh/8OqFeAEQ=
github.com/oarkflow/maps v0.0.0-20240406152114-fc5a94538f01 h1:2U3KpUUHKyKNcc9wR6S5xMffSbHv9T42qPMFTXimLXE=
github.com/oarkflow/maps v0.0.0-20240406152114-fc5a94538f01/go.mod h1:ku/3mpezSm5g3rBuU2U3UPpzBhJ86SY/mhvvliTTWg4=
github.com/oarkflow/xid v1.2.5 h1:6RcNJm9+oZ/B647gkME9trCzhpxGQaSdNoD56Vmkeho=
github.com/oarkflow/xid v1.2.5/go.mod h1:jG4YBh+swbjlWApGWDBYnsJEa7hi3CCpmuqhB3RAxVo=
github.com/shamaton/msgpack/v2 v2.2.0 h1:IP1m01pHwCrMa6ZccP9B3bqxEMKMSmMVAVKk54g3L/Y=
github.com/shamaton/msgpack/v2 v2.2.0/go.mod h1:6khjYnkx73f7VQU7wjcFS9DFjs+59naVWJv1TB7qdOI=
golang.org/x/exp v0.0.0-20240404231335-c0f41cb1a7a0 h1:985EYyeCOxTpcgOTJpflJUwOeEz0CQOdPt73OzpE9F8=
golang.org/x/exp v0.0.0-20240404231335-c0f41cb1a7a0/go.mod h1:/lliqkxwWAhPjf5oSOIJup2XcqJaw8RGS6k3TGEc7GI=
golang.org/x/text v0.14.0 h1:ScX5w1eTa3QqT8oi6+ziP7dTV1S2+ALU0bI+0zXKWiQ=
golang.org/x/text v0.14.0/go.mod h1:18ZOQIKpY8NJVqYksKHtTdi31H5itFRjB5/qKTNYzSU=
